
Microsoft Visual Studio Solution File, Format Version 12.00
# Visual Studio Version 16
VisualStudioVersion = 16.0.30907.101
MinimumVisualStudioVersion = 10.0.40219.1
Project("{FAE04EC0-301F-11D3-BF4B-00C04F79EFBC}") = "DataAccess", "DataAccess\DataAccess.csproj", "{EF68BD08-6ED1-4F72-8B76-60DC173F5933}"
EndProject
Project("{FAE04EC0-301F-11D3-BF4B-00C04F79EFBC}") = "Business", "Businesss\Business.csproj", "{53BA5410-8C1E-4809-B67A-8C76F377D812}"
EndProject
Project("{FAE04EC0-301F-11D3-BF4B-00C04F79EFBC}") = "Entities", "Entities\Entities.csproj", "{AD78731B-2EF2-42AE-8E28-6CC5B221CE08}"
EndProject
Project("{FAE04EC0-301F-11D3-BF4B-00C04F79EFBC}") = "ConsoleUI", "ConsoleUI\ConsoleUI.csproj", "{9BCD7464-1EC0-43B8-A8F3-76103086ABF0}"
EndProject
Global
	GlobalSection(SolutionConfigurationPlatforms) = preSolution
		Debug|Any CPU = Debug|Any CPU
		Release|Any CPU = Release|Any CPU
	EndGlobalSection
	GlobalSection(ProjectConfigurationPlatforms) = postSolution
		{EF68BD08-6ED1-4F72-8B76-60DC173F5933}.Debug|Any CPU.ActiveCfg = Debug|Any CPU
		{EF68BD08-6ED1-4F72-8B76-60DC173F5933}.Debug|Any CPU.Build.0 = Debug|Any CPU
		{EF68BD08-6ED1-4F72-8B76-60DC173F5933}.Release|Any CPU.ActiveCfg = Release|Any CPU
		{EF68BD08-6ED1-4F72-8B76-60DC173F5933}.Release|Any CPU.Build.0 = Release|Any CPU
		{53BA5410-8C1E-4809-B67A-8C76F377D812}.Debug|Any CPU.ActiveCfg = Debug|Any CPU
		{53BA5410-8C1E-4809-B67A-8C76F377D812}.Debug|Any CPU.Build.0 = Debug|Any CPU
		{53BA5410-8C1E-4809-B67A-8C76F377D812}.Release|Any CPU.ActiveCfg = Release|Any CPU
		{53BA5410-8C1E-4809-B67A-8C76F377D812}.Release|Any CPU.Build.0 = Release|Any CPU
		{AD78731B-2EF2-42AE-8E28-6CC5B221CE08}.Debug|Any CPU.ActiveCfg = Debug|Any CPU
		{AD78731B-2EF2-42AE-8E28-6CC5B221CE08}.Debug|Any CPU.Build.0 = Debug|Any CPU
		{AD78731B-2EF2-42AE-8E28-6CC5B221CE08}.Release|Any CPU.ActiveCfg = Release|Any CPU
		{AD78731B-2EF2-42AE-8E28-6CC5B221CE08}.Release|Any CPU.Build.0 = Release|Any CPU
		{9BCD7464-1EC0-43B8-A8F3-76103086ABF0}.Debug|Any CPU.ActiveCfg = Debug|Any CPU
		{9BCD7464-1EC0-43B8-A8F3-76103086ABF0}.Debug|Any CPU.Build.0 = Debug|Any CPU
		{9BCD7464-1EC0-43B8-A8F3-76103086ABF0}.Release|Any CPU.ActiveCfg = Release|Any CPU
		{9BCD7464-1EC0-43B8-A8F3-76103086ABF0}.Release|Any CPU.Build.0 = Release|Any CPU
	EndGlobalSection
	GlobalSection(SolutionProperties) = preSolution
		HideSolutionNode = FALSE
	EndGlobalSection
	GlobalSection(ExtensibilityGlobals) = postSolution
		SolutionGuid = {9536F0C1-AFC8-4D8B-A115-01EB68DB2241}
	EndGlobalSection
EndGlobal
